
Microsoft Visual Studio Solution File, Format Version 12.00
# Visual Studio Version 16
VisualStudioVersion = 16.0.30804.86
MinimumVisualStudioVersion = 10.0.40219.1
Project("{FAE04EC0-301F-11D3-BF4B-00C04F79EFBC}") = "MyDictionary", "MyDictionary\MyDictionary.csproj", "{3FDB2300-DC83-47D7-AC9E-847234850037}"
EndProject
Global
	GlobalSection(SolutionConfigurationPlatforms) = preSolution
		Debug|Any CPU = Debug|Any CPU
		Release|Any CPU = Release|Any CPU
	EndGlobalSection
	GlobalSection(ProjectConfigurationPlatforms) = postSolution
		{3FDB2300-DC83-47D7-AC9E-847234850037}.Debug|Any CPU.ActiveCfg = Debug|Any CPU
		{3FDB2300-DC83-47D7-AC9E-847234850037}.Debug|Any CPU.Build.0 = Debug|Any CPU
		{3FDB2300-DC83-47D7-AC9E-847234850037}.Release|Any CPU.ActiveCfg = Release|Any CPU
		{3FDB2300-DC83-47D7-AC9E-847234850037}.Release|Any CPU.Build.0 = Release|Any CPU
	EndGlobalSection
	GlobalSection(SolutionProperties) = preSolution
		HideSolutionNode = FALSE
	EndGlobalSection
	GlobalSection(ExtensibilityGlobals) = postSolution
		SolutionGuid = {366A2732-0693-400D-B8FB-F8AA16343FA9}
	EndGlobalSection
EndGlobal
